
Microsoft Visual Studio Solution File, Format Version 12.00
Project("{2150E333-8FDC-42A3-9474-1A3956D46DE8}") = "src", "src", "{4BDA1BBC-2F98-4DB0-81DA-C3C6D8D0BF60}"
EndProject
Project("{2150E333-8FDC-42A3-9474-1A3956D46DE8}") = "tests", "tests", "{C83CEBF9-04F0-47ED-B603-2F44B3BF278F}"
EndProject
Project("{2150E333-8FDC-42A3-9474-1A3956D46DE8}") = "common", "common", "{871C8705-24D6-456E-89FA-8F51C676B550}"
	ProjectSection(SolutionItems) = preProject
		Directory.Packages.props = Directory.Packages.props
		Directory.Build.props = Directory.Build.props
		.gitignore = .gitignore
	EndProjectSection
EndProject
Project("{2150E333-8FDC-42A3-9474-1A3956D46DE8}") = "lab-1", "lab-1", "{0DE9515F-3C74-443E-99A4-7BB640905204}"
EndProject
Project("{2150E333-8FDC-42A3-9474-1A3956D46DE8}") = "lab-1", "lab-1", "{99488C81-DE98-48EB-AC52-A5D3DD3A8092}"
EndProject
Project("{2150E333-8FDC-42A3-9474-1A3956D46DE8}") = "lab-2", "lab-2", "{32B94AB4-6B8A-47C8-95BE-B21604BFE6C4}"
	ProjectSection(SolutionItems) = preProject
		src\lab-2\docker-compose.yaml = src\lab-2\docker-compose.yaml
	EndProjectSection
EndProject
Project("{2150E333-8FDC-42A3-9474-1A3956D46DE8}") = "lab-3", "lab-3", "{FEB339FD-E3EA-43CA-BF27-90208DDA4CD1}"
EndProject
Project("{2150E333-8FDC-42A3-9474-1A3956D46DE8}") = "lab-4", "lab-4", "{7D572118-AEF1-42D4-A359-FA85886B8B5A}"
EndProject
Project("{2150E333-8FDC-42A3-9474-1A3956D46DE8}") = "lab-5", "lab-5", "{2FB2D737-260F-438E-BD82-BF66D2D3348C}"
EndProject
Project("{2150E333-8FDC-42A3-9474-1A3956D46DE8}") = "lab-2", "lab-2", "{8B8CBED8-2579-4794-BC32-367A2D35B89B}"
EndProject
Project("{2150E333-8FDC-42A3-9474-1A3956D46DE8}") = "lab-3", "lab-3", "{FC8A3CC4-2FAF-43C9-ACCB-70824CA18C9B}"
EndProject
Project("{2150E333-8FDC-42A3-9474-1A3956D46DE8}") = "lab-4", "lab-4", "{87D80FCF-EAFA-429B-92A4-FA53B7890D97}"
EndProject
Project("{2150E333-8FDC-42A3-9474-1A3956D46DE8}") = "lab-5", "lab-5", "{DC3E76C4-B2FB-4FBA-957A-C5BCA61C30A4}"
EndProject
Project("{FAE04EC0-301F-11D3-BF4B-00C04F79EFBC}") = "Task1", "src\lab-1\Task1\Task1.csproj", "{55F8A83B-F498-4784-99F8-B492F165F371}"
EndProject
Project("{FAE04EC0-301F-11D3-BF4B-00C04F79EFBC}") = "Task1Tests", "tests\lab-1\Task1Tests\Task1Tests.csproj", "{347D6101-B334-47FF-9A36-4130389A4C76}"
EndProject
Project("{FAE04EC0-301F-11D3-BF4B-00C04F79EFBC}") = "Task2", "src\lab-1\Task2\Task2.csproj", "{DAAAD386-0D75-405F-B290-96E5DF437FFF}"
EndProject
Project("{FAE04EC0-301F-11D3-BF4B-00C04F79EFBC}") = "Task2Tests", "tests\lab-1\Task2Tests\Task2Tests.csproj", "{6D6A7907-260F-4B25-B591-B674BDAAC4E4}"
EndProject
Project("{FAE04EC0-301F-11D3-BF4B-00C04F79EFBC}") = "Task3", "src\lab-1\Task3\Task3.csproj", "{7E760939-D528-4624-9E6C-D14022BC4CF4}"
EndProject
Project("{FAE04EC0-301F-11D3-BF4B-00C04F79EFBC}") = "Task1", "src\lab-2\Task1\Task1.csproj", "{ED42E9F0-7DFD-4EEB-BD07-9E66C051852E}"
EndProject
Project("{FAE04EC0-301F-11D3-BF4B-00C04F79EFBC}") = "Task2", "src\lab-2\Task2\Task2.csproj", "{F3666BC8-254A-4797-A9BC-2C91BA003BBA}"
EndProject
Project("{FAE04EC0-301F-11D3-BF4B-00C04F79EFBC}") = "Task2Tests", "tests\lab-2\Task2Tests\Task2Tests.csproj", "{3B88BF0B-B78C-40F7-801E-D4378A41E241}"
EndProject
Project("{FAE04EC0-301F-11D3-BF4B-00C04F79EFBC}") = "Task3", "src\lab-2\Task3\Task3.csproj", "{B245BB32-406B-4B40-BEE0-45DB34937D8A}"
EndProject
Project("{FAE04EC0-301F-11D3-BF4B-00C04F79EFBC}") = "Task3MainFuncion", "tests\lab-2\Task3MainFuncion\Task3MainFuncion.csproj", "{7EFA4D6A-2C81-4A91-8CFD-C77A8CC80893}"
EndProject
Global
	GlobalSection(SolutionConfigurationPlatforms) = preSolution
		Debug|Any CPU = Debug|Any CPU
		Release|Any CPU = Release|Any CPU
	EndGlobalSection
	GlobalSection(NestedProjects) = preSolution
		{0DE9515F-3C74-443E-99A4-7BB640905204} = {4BDA1BBC-2F98-4DB0-81DA-C3C6D8D0BF60}
		{99488C81-DE98-48EB-AC52-A5D3DD3A8092} = {C83CEBF9-04F0-47ED-B603-2F44B3BF278F}
		{32B94AB4-6B8A-47C8-95BE-B21604BFE6C4} = {4BDA1BBC-2F98-4DB0-81DA-C3C6D8D0BF60}
		{FEB339FD-E3EA-43CA-BF27-90208DDA4CD1} = {4BDA1BBC-2F98-4DB0-81DA-C3C6D8D0BF60}
		{7D572118-AEF1-42D4-A359-FA85886B8B5A} = {4BDA1BBC-2F98-4DB0-81DA-C3C6D8D0BF60}
		{2FB2D737-260F-438E-BD82-BF66D2D3348C} = {4BDA1BBC-2F98-4DB0-81DA-C3C6D8D0BF60}
		{8B8CBED8-2579-4794-BC32-367A2D35B89B} = {C83CEBF9-04F0-47ED-B603-2F44B3BF278F}
		{FC8A3CC4-2FAF-43C9-ACCB-70824CA18C9B} = {C83CEBF9-04F0-47ED-B603-2F44B3BF278F}
		{87D80FCF-EAFA-429B-92A4-FA53B7890D97} = {C83CEBF9-04F0-47ED-B603-2F44B3BF278F}
		{DC3E76C4-B2FB-4FBA-957A-C5BCA61C30A4} = {C83CEBF9-04F0-47ED-B603-2F44B3BF278F}
		{55F8A83B-F498-4784-99F8-B492F165F371} = {0DE9515F-3C74-443E-99A4-7BB640905204}
		{347D6101-B334-47FF-9A36-4130389A4C76} = {99488C81-DE98-48EB-AC52-A5D3DD3A8092}
		{DAAAD386-0D75-405F-B290-96E5DF437FFF} = {0DE9515F-3C74-443E-99A4-7BB640905204}
		{6D6A7907-260F-4B25-B591-B674BDAAC4E4} = {99488C81-DE98-48EB-AC52-A5D3DD3A8092}
		{7E760939-D528-4624-9E6C-D14022BC4CF4} = {0DE9515F-3C74-443E-99A4-7BB640905204}
		{ED42E9F0-7DFD-4EEB-BD07-9E66C051852E} = {32B94AB4-6B8A-47C8-95BE-B21604BFE6C4}
		{F3666BC8-254A-4797-A9BC-2C91BA003BBA} = {32B94AB4-6B8A-47C8-95BE-B21604BFE6C4}
		{3B88BF0B-B78C-40F7-801E-D4378A41E241} = {8B8CBED8-2579-4794-BC32-367A2D35B89B}
		{B245BB32-406B-4B40-BEE0-45DB34937D8A} = {32B94AB4-6B8A-47C8-95BE-B21604BFE6C4}
		{7EFA4D6A-2C81-4A91-8CFD-C77A8CC80893} = {8B8CBED8-2579-4794-BC32-367A2D35B89B}
	EndGlobalSection
	GlobalSection(ProjectConfigurationPlatforms) = postSolution
		{55F8A83B-F498-4784-99F8-B492F165F371}.Debug|Any CPU.ActiveCfg = Debug|Any CPU
		{55F8A83B-F498-4784-99F8-B492F165F371}.Debug|Any CPU.Build.0 = Debug|Any CPU
		{55F8A83B-F498-4784-99F8-B492F165F371}.Release|Any CPU.ActiveCfg = Release|Any CPU
		{55F8A83B-F498-4784-99F8-B492F165F371}.Release|Any CPU.Build.0 = Release|Any CPU
		{347D6101-B334-47FF-9A36-4130389A4C76}.Debug|Any CPU.ActiveCfg = Debug|Any CPU
		{347D6101-B334-47FF-9A36-4130389A4C76}.Debug|Any CPU.Build.0 = Debug|Any CPU
		{347D6101-B334-47FF-9A36-4130389A4C76}.Release|Any CPU.ActiveCfg = Release|Any CPU
		{347D6101-B334-47FF-9A36-4130389A4C76}.Release|Any CPU.Build.0 = Release|Any CPU
		{DAAAD386-0D75-405F-B290-96E5DF437FFF}.Debug|Any CPU.ActiveCfg = Debug|Any CPU
		{DAAAD386-0D75-405F-B290-96E5DF437FFF}.Debug|Any CPU.Build.0 = Debug|Any CPU
		{DAAAD386-0D75-405F-B290-96E5DF437FFF}.Release|Any CPU.ActiveCfg = Release|Any CPU
		{DAAAD386-0D75-405F-B290-96E5DF437FFF}.Release|Any CPU.Build.0 = Release|Any CPU
		{6D6A7907-260F-4B25-B591-B674BDAAC4E4}.Debug|Any CPU.ActiveCfg = Debug|Any CPU
		{6D6A7907-260F-4B25-B591-B674BDAAC4E4}.Debug|Any CPU.Build.0 = Debug|Any CPU
		{6D6A7907-260F-4B25-B591-B674BDAAC4E4}.Release|Any CPU.ActiveCfg = Release|Any CPU
		{6D6A7907-260F-4B25-B591-B674BDAAC4E4}.Release|Any CPU.Build.0 = Release|Any CPU
		{7E760939-D528-4624-9E6C-D14022BC4CF4}.Debug|Any CPU.ActiveCfg = Debug|Any CPU
		{7E760939-D528-4624-9E6C-D14022BC4CF4}.Debug|Any CPU.Build.0 = Debug|Any CPU
		{7E760939-D528-4624-9E6C-D14022BC4CF4}.Release|Any CPU.ActiveCfg = Release|Any CPU
		{7E760939-D528-4624-9E6C-D14022BC4CF4}.Release|Any CPU.Build.0 = Release|Any CPU
		{ED42E9F0-7DFD-4EEB-BD07-9E66C051852E}.Debug|Any CPU.ActiveCfg = Debug|Any CPU
		{ED42E9F0-7DFD-4EEB-BD07-9E66C051852E}.Debug|Any CPU.Build.0 = Debug|Any CPU
		{ED42E9F0-7DFD-4EEB-BD07-9E66C051852E}.Release|Any CPU.ActiveCfg = Release|Any CPU
		{ED42E9F0-7DFD-4EEB-BD07-9E66C051852E}.Release|Any CPU.Build.0 = Release|Any CPU
		{F3666BC8-254A-4797-A9BC-2C91BA003BBA}.Debug|Any CPU.ActiveCfg = Debug|Any CPU
		{F3666BC8-254A-4797-A9BC-2C91BA003BBA}.Debug|Any CPU.Build.0 = Debug|Any CPU
		{F3666BC8-254A-4797-A9BC-2C91BA003BBA}.Release|Any CPU.ActiveCfg = Release|Any CPU
		{F3666BC8-254A-4797-A9BC-2C91BA003BBA}.Release|Any CPU.Build.0 = Release|Any CPU
		{3B88BF0B-B78C-40F7-801E-D4378A41E241}.Debug|Any CPU.ActiveCfg = Debug|Any CPU
		{3B88BF0B-B78C-40F7-801E-D4378A41E241}.Debug|Any CPU.Build.0 = Debug|Any CPU
		{3B88BF0B-B78C-40F7-801E-D4378A41E241}.Release|Any CPU.ActiveCfg = Release|Any CPU
		{3B88BF0B-B78C-40F7-801E-D4378A41E241}.Release|Any CPU.Build.0 = Release|Any CPU
		{B245BB32-406B-4B40-BEE0-45DB34937D8A}.Debug|Any CPU.ActiveCfg = Debug|Any CPU
		{B245BB32-406B-4B40-BEE0-45DB34937D8A}.Debug|Any CPU.Build.0 = Debug|Any CPU
		{B245BB32-406B-4B40-BEE0-45DB34937D8A}.Release|Any CPU.ActiveCfg = Release|Any CPU
		{B245BB32-406B-4B40-BEE0-45DB34937D8A}.Release|Any CPU.Build.0 = Release|Any CPU
		{7EFA4D6A-2C81-4A91-8CFD-C77A8CC80893}.Debug|Any CPU.ActiveCfg = Debug|Any CPU
		{7EFA4D6A-2C81-4A91-8CFD-C77A8CC80893}.Debug|Any CPU.Build.0 = Debug|Any CPU
		{7EFA4D6A-2C81-4A91-8CFD-C77A8CC80893}.Release|Any CPU.ActiveCfg = Release|Any CPU
		{7EFA4D6A-2C81-4A91-8CFD-C77A8CC80893}.Release|Any CPU.Build.0 = Release|Any CPU
	EndGlobalSection
EndGlobal
